
Microsoft Visual Studio Solution File, Format Version 12.00
# Visual Studio Version 16
VisualStudioVersion = 16.0.31729.503
MinimumVisualStudioVersion = 10.0.40219.1
Project("{8BC9CEB8-8B4A-11D0-8D11-00A0C91BC942}") = "Shoggoth", "Shoggoth.vcxproj", "{44D5BE95-F34D-4CC5-846F-C7758943B8FA}"
EndProject
Global
	GlobalSection(SolutionConfigurationPlatforms) = preSolution
		Debug|x64 = Debug|x64
		Debug|x86 = Debug|x86
		Release|x64 = Release|x64
		Release|x86 = Release|x86
	EndGlobalSection
	GlobalSection(ProjectConfigurationPlatforms) = postSolution
		{44D5BE95-F34D-4CC5-846F-C7758943B8FA}.Debug|x64.ActiveCfg = Debug|x64
		{44D5BE95-F34D-4CC5-846F-C7758943B8FA}.Debug|x64.Build.0 = Debug|x64
		{44D5BE95-F34D-4CC5-846F-C7758943B8FA}.Debug|x86.ActiveCfg = Debug|Win32
		{44D5BE95-F34D-4CC5-846F-C7758943B8FA}.Debug|x86.Build.0 = Debug|Win32
		{44D5BE95-F34D-4CC5-846F-C7758943B8FA}.Release|x64.ActiveCfg = Release|x64
		{44D5BE95-F34D-4CC5-846F-C7758943B8FA}.Release|x64.Build.0 = Release|x64
		{44D5BE95-F34D-4CC5-846F-C7758943B8FA}.Release|x86.ActiveCfg = Release|Win32
		{44D5BE95-F34D-4CC5-846F-C7758943B8FA}.Release|x86.Build.0 = Release|Win32
	EndGlobalSection
	GlobalSection(SolutionProperties) = preSolution
		HideSolutionNode = FALSE
	EndGlobalSection
	GlobalSection(ExtensibilityGlobals) = postSolution
		SolutionGuid = {B96BF5DB-EE30-43F4-9C4C-B6701FE97D6E}
	EndGlobalSection
EndGlobal
